
Microsoft Visual Studio Solution File, Format Version 12.00
# Visual Studio Version 17
VisualStudioVersion = 17.7.34009.444
MinimumVisualStudioVersion = 10.0.40219.1
Project("{FAE04EC0-301F-11D3-BF4B-00C04F79EFBC}") = "CapaAccesoDatos", "CapaDatos\CapaAccesoDatos.csproj", "{800D6B0D-7A5F-4C0B-8292-AA640A6F19F0}"
EndProject
Project("{FAE04EC0-301F-11D3-BF4B-00C04F79EFBC}") = "CapaLogicadeNegocio", "CapaLogicadeNegocio\CapaLogicadeNegocio.csproj", "{C393C2AD-5ECF-4292-9AC8-6E1FA21C18A4}"
EndProject
Project("{FAE04EC0-301F-11D3-BF4B-00C04F79EFBC}") = "CapaPresentación", "CapaPresentación\CapaPresentación.csproj", "{B162638D-3747-4F84-B0A4-752631227FE7}"
EndProject
Global
	GlobalSection(SolutionConfigurationPlatforms) = preSolution
		Debug|Any CPU = Debug|Any CPU
		Release|Any CPU = Release|Any CPU
	EndGlobalSection
	GlobalSection(ProjectConfigurationPlatforms) = postSolution
		{800D6B0D-7A5F-4C0B-8292-AA640A6F19F0}.Debug|Any CPU.ActiveCfg = Debug|Any CPU
		{800D6B0D-7A5F-4C0B-8292-AA640A6F19F0}.Debug|Any CPU.Build.0 = Debug|Any CPU
		{800D6B0D-7A5F-4C0B-8292-AA640A6F19F0}.Release|Any CPU.ActiveCfg = Release|Any CPU
		{800D6B0D-7A5F-4C0B-8292-AA640A6F19F0}.Release|Any CPU.Build.0 = Release|Any CPU
		{C393C2AD-5ECF-4292-9AC8-6E1FA21C18A4}.Debug|Any CPU.ActiveCfg = Debug|Any CPU
		{C393C2AD-5ECF-4292-9AC8-6E1FA21C18A4}.Debug|Any CPU.Build.0 = Debug|Any CPU
		{C393C2AD-5ECF-4292-9AC8-6E1FA21C18A4}.Release|Any CPU.ActiveCfg = Release|Any CPU
		{C393C2AD-5ECF-4292-9AC8-6E1FA21C18A4}.Release|Any CPU.Build.0 = Release|Any CPU
		{B162638D-3747-4F84-B0A4-752631227FE7}.Debug|Any CPU.ActiveCfg = Debug|Any CPU
		{B162638D-3747-4F84-B0A4-752631227FE7}.Debug|Any CPU.Build.0 = Debug|Any CPU
		{B162638D-3747-4F84-B0A4-752631227FE7}.Release|Any CPU.ActiveCfg = Release|Any CPU
		{B162638D-3747-4F84-B0A4-752631227FE7}.Release|Any CPU.Build.0 = Release|Any CPU
	EndGlobalSection
	GlobalSection(SolutionProperties) = preSolution
		HideSolutionNode = FALSE
	EndGlobalSection
	GlobalSection(ExtensibilityGlobals) = postSolution
		SolutionGuid = {D5DD4FDC-8E9A-460F-8FB9-00D6C2143C1F}
	EndGlobalSection
EndGlobal
